
Microsoft Visual Studio Solution File, Format Version 12.00
# Visual Studio Version 17
VisualStudioVersion = 17.11.35327.3
MinimumVisualStudioVersion = 10.0.40219.1
Project("{FAE04EC0-301F-11D3-BF4B-00C04F79EFBC}") = "Entrega4Programacion", "Entrega4Programacion.csproj", "{A388B8C9-D2E5-413A-9E9E-CD26198F0A2F}"
EndProject
Global
	GlobalSection(SolutionConfigurationPlatforms) = preSolution
		Debug|Any CPU = Debug|Any CPU
		Release|Any CPU = Release|Any CPU
	EndGlobalSection
	GlobalSection(ProjectConfigurationPlatforms) = postSolution
		{A388B8C9-D2E5-413A-9E9E-CD26198F0A2F}.Debug|Any CPU.ActiveCfg = Debug|Any CPU
		{A388B8C9-D2E5-413A-9E9E-CD26198F0A2F}.Debug|Any CPU.Build.0 = Debug|Any CPU
		{A388B8C9-D2E5-413A-9E9E-CD26198F0A2F}.Release|Any CPU.ActiveCfg = Release|Any CPU
		{A388B8C9-D2E5-413A-9E9E-CD26198F0A2F}.Release|Any CPU.Build.0 = Release|Any CPU
	EndGlobalSection
	GlobalSection(SolutionProperties) = preSolution
		HideSolutionNode = FALSE
	EndGlobalSection
	GlobalSection(ExtensibilityGlobals) = postSolution
		SolutionGuid = {98BCF7D0-52A3-4103-8AEE-9FF1684FF65E}
	EndGlobalSection
EndGlobal
